// !$*UTF8*$!
{
	archiveVersion = 1;
	classes = {
	};
	objectVersion = 55;
	objects = {

/* Begin PBXBuildFile section */
		8A1C5D2F288F841900DB2D65 /* Main.swift in Sources */ = {isa = PBXBuildFile; fileRef = 8A1C5D2E288F841900DB2D65 /* Main.swift */; };
		8A3925032890DB6200D532BD /* Card.swift in Sources */ = {isa = PBXBuildFile; fileRef = 8A3925022890DB6200D532BD /* Card.swift */; };
		8A3925072890E23400D532BD /* Carousel.swift in Sources */ = {isa = PBXBuildFile; fileRef = 8A3925062890E23400D532BD /* Carousel.swift */; };
		8A39250B2890EE4800D532BD /* SeccionTitle.swift in Sources */ = {isa = PBXBuildFile; fileRef = 8A39250A2890EE4800D532BD /* SeccionTitle.swift */; };
		8A7F4D462893613A0018557E /* DetailsView.swift in Sources */ = {isa = PBXBuildFile; fileRef = 8A7F4D452893613A0018557E /* DetailsView.swift */; };
		8AE1269E288E28230039927E /* MovieTecaApp.swift in Sources */ = {isa = PBXBuildFile; fileRef = 8AE1269D288E28230039927E /* MovieTecaApp.swift */; };
		8AE126A0288E28230039927E /* ContentView.swift in Sources */ = {isa = PBXBuildFile; fileRef = 8AE1269F288E28230039927E /* ContentView.swift */; };
		8AE126A2288E28250039927E /* Assets.xcassets in Resources */ = {isa = PBXBuildFile; fileRef = 8AE126A1288E28250039927E /* Assets.xcassets */; };
		8AE126A5288E28250039927E /* Preview Assets.xcassets in Resources */ = {isa = PBXBuildFile; fileRef = 8AE126A4288E28250039927E /* Preview Assets.xcassets */; };
/* End PBXBuildFile section */

/* Begin PBXFileReference section */
		8A1C5D2E288F841900DB2D65 /* Main.swift */ = {isa = PBXFileReference; lastKnownFileType = sourcecode.swift; path = Main.swift; sourceTree = "<group>"; };
		8A3925022890DB6200D532BD /* Card.swift */ = {isa = PBXFileReference; lastKnownFileType = sourcecode.swift; path = Card.swift; sourceTree = "<group>"; };
		8A3925062890E23400D532BD /* Carousel.swift */ = {isa = PBXFileReference; lastKnownFileType = sourcecode.swift; path = Carousel.swift; sourceTree = "<group>"; };
		8A39250A2890EE4800D532BD /* SeccionTitle.swift */ = {isa = PBXFileReference; lastKnownFileType = sourcecode.swift; path = SeccionTitle.swift; sourceTree = "<group>"; };
		8A7F4D452893613A0018557E /* DetailsView.swift */ = {isa = PBXFileReference; lastKnownFileType = sourcecode.swift; path = DetailsView.swift; sourceTree = "<group>"; };
		8AE1269A288E28230039927E /* MovieTeca.app */ = {isa = PBXFileReference; explicitFileType = wrapper.application; includeInIndex = 0; path = MovieTeca.app; sourceTree = BUILT_PRODUCTS_DIR; };
		8AE1269D288E28230039927E /* MovieTecaApp.swift */ = {isa = PBXFileReference; lastKnownFileType = sourcecode.swift; path = MovieTecaApp.swift; sourceTree = "<group>"; };
		8AE1269F288E28230039927E /* ContentView.swift */ = {isa = PBXFileReference; lastKnownFileType = sourcecode.swift; path = ContentView.swift; sourceTree = "<group>"; };
		8AE126A1288E28250039927E /* Assets.xcassets */ = {isa = PBXFileReference; lastKnownFileType = folder.assetcatalog; path = Assets.xcassets; sourceTree = "<group>"; };
		8AE126A4288E28250039927E /* Preview Assets.xcassets */ = {isa = PBXFileReference; lastKnownFileType = folder.assetcatalog; path = "Preview Assets.xcassets"; sourceTree = "<group>"; };
/* End PBXFileReference section */

/* Begin PBXFrameworksBuildPhase section */
		8AE12697288E28230039927E /* Frameworks */ = {
			isa = PBXFrameworksBuildPhase;
			buildActionMask = 2147483647;
			files = (
			);
			runOnlyForDeploymentPostprocessing = 0;
		};
/* End PBXFrameworksBuildPhase section */

/* Begin PBXGroup section */
		8A1C5D2C288F833600DB2D65 /* Components */ = {
			isa = PBXGroup;
			children = (
				8A3925062890E23400D532BD /* Carousel.swift */,
				8A3925022890DB6200D532BD /* Card.swift */,
				8A39250A2890EE4800D532BD /* SeccionTitle.swift */,
			);
			path = Components;
			sourceTree = "<group>";
		};
		8A1C5D2D288F83E200DB2D65 /* Views */ = {
			isa = PBXGroup;
			children = (
				8A1C5D2E288F841900DB2D65 /* Main.swift */,
				8A7F4D452893613A0018557E /* DetailsView.swift */,
			);
			path = Views;
			sourceTree = "<group>";
		};
		8AE12691288E28230039927E = {
			isa = PBXGroup;
			children = (
				8AE1269C288E28230039927E /* MovieTeca */,
				8AE1269B288E28230039927E /* Products */,
			);
			sourceTree = "<group>";
		};
		8AE1269B288E28230039927E /* Products */ = {
			isa = PBXGroup;
			children = (
				8AE1269A288E28230039927E /* MovieTeca.app */,
			);
			name = Products;
			sourceTree = "<group>";
		};
		8AE1269C288E28230039927E /* MovieTeca */ = {
			isa = PBXGroup;
			children = (
				8AE1269D288E28230039927E /* MovieTecaApp.swift */,
				8AE1269F288E28230039927E /* ContentView.swift */,
				8A1C5D2D288F83E200DB2D65 /* Views */,
				8A1C5D2C288F833600DB2D65 /* Components */,
				8AE126A1288E28250039927E /* Assets.xcassets */,
				8AE126A3288E28250039927E /* Preview Content */,
			);
			path = MovieTeca;
			sourceTree = "<group>";
		};
		8AE126A3288E28250039927E /* Preview Content */ = {
			isa = PBXGroup;
			children = (
				8AE126A4288E28250039927E /* Preview Assets.xcassets */,
			);
			path = "Preview Content";
			sourceTree = "<group>";
		};
/* End PBXGroup section */

/* Begin PBXNativeTarget section */
		8AE12699288E28230039927E /* MovieTeca */ = {
			isa = PBXNativeTarget;
			buildConfigurationList = 8AE126A8288E28250039927E /* Build configuration list for PBXNativeTarget "MovieTeca" */;
			buildPhases = (
				8AE12696288E28230039927E /* Sources */,
				8AE12697288E28230039927E /* Frameworks */,
				8AE12698288E28230039927E /* Resources */,
			);
			buildRules = (
			);
			dependencies = (
			);
			name = MovieTeca;
			productName = MovieTeca;
			productReference = 8AE1269A288E28230039927E /* MovieTeca.app */;
			productType = "com.apple.product-type.application";
		};
/* End PBXNativeTarget section */

/* Begin PBXProject section */
		8AE12692288E28230039927E /* Project object */ = {
			isa = PBXProject;
			attributes = {
				BuildIndependentTargetsInParallel = 1;
				LastSwiftUpdateCheck = 1340;
				LastUpgradeCheck = 1340;
				TargetAttributes = {
					8AE12699288E28230039927E = {
						CreatedOnToolsVersion = 13.4.1;
					};
				};
			};
			buildConfigurationList = 8AE12695288E28230039927E /* Build configuration list for PBXProject "MovieTeca" */;
			compatibilityVersion = "Xcode 13.0";
			developmentRegion = en;
			hasScannedForEncodings = 0;
			knownRegions = (
				en,
				Base,
			);
			mainGroup = 8AE12691288E28230039927E;
			productRefGroup = 8AE1269B288E28230039927E /* Products */;
			projectDirPath = "";
			projectRoot = "";
			targets = (
				8AE12699288E28230039927E /* MovieTeca */,
			);
		};
/* End PBXProject section */

/* Begin PBXResourcesBuildPhase section */
		8AE12698288E28230039927E /* Resources */ = {
			isa = PBXResourcesBuildPhase;
			buildActionMask = 2147483647;
			files = (
				8AE126A5288E28250039927E /* Preview Assets.xcassets in Resources */,
				8AE126A2288E28250039927E /* Assets.xcassets in Resources */,
			);
			runOnlyForDeploymentPostprocessing = 0;
		};
/* End PBXResourcesBuildPhase section */

/* Begin PBXSourcesBuildPhase section */
		8AE12696288E28230039927E /* Sources */ = {
			isa = PBXSourcesBuildPhase;
			buildActionMask = 2147483647;
			files = (
				8A1C5D2F288F841900DB2D65 /* Main.swift in Sources */,
				8A7F4D462893613A0018557E /* DetailsView.swift in Sources */,
				8A39250B2890EE4800D532BD /* SeccionTitle.swift in Sources */,
				8AE126A0288E28230039927E /* ContentView.swift in Sources */,
				8A3925072890E23400D532BD /* Carousel.swift in Sources */,
				8AE1269E288E28230039927E /* MovieTecaApp.swift in Sources */,
				8A3925032890DB6200D532BD /* Card.swift in Sources */,
			);
			runOnlyForDeploymentPostprocessing = 0;
		};
/* End PBXSourcesBuildPhase section */

/* Begin XCBuildConfiguration section */
		8AE126A6288E28250039927E /* Debug */ = {
			isa = XCBuildConfiguration;
			buildSettings = {
				ALWAYS_SEARCH_USER_PATHS = NO;
				CLANG_ANALYZER_NONNULL = YES;
				CLANG_ANALYZER_NUMBER_OBJECT_CONVERSION = YES_AGGRESSIVE;
				CLANG_CXX_LANGUAGE_STANDARD = "gnu++17";
				CLANG_ENABLE_MODULES = YES;
				CLANG_ENABLE_OBJC_ARC = YES;
				CLANG_ENABLE_OBJC_WEAK = YES;
				CLANG_WARN_BLOCK_CAPTURE_AUTORELEASING = YES;
				CLANG_WARN_BOOL_CONVERSION = YES;
				CLANG_WARN_COMMA = YES;
				CLANG_WARN_CONSTANT_CONVERSION = YES;
				CLANG_WARN_DEPRECATED_OBJC_IMPLEMENTATIONS = YES;
				CLANG_WARN_DIRECT_OBJC_ISA_USAGE = YES_ERROR;
				CLANG_WARN_DOCUMENTATION_COMMENTS = YES;
				CLANG_WARN_EMPTY_BODY = YES;
				CLANG_WARN_ENUM_CONVERSION = YES;
				CLANG_WARN_INFINITE_RECURSION = YES;
				CLANG_WARN_INT_CONVERSION = YES;
				CLANG_WARN_NON_LITERAL_NULL_CONVERSION = YES;
				CLANG_WARN_OBJC_IMPLICIT_RETAIN_SELF = YES;
				CLANG_WARN_OBJC_LITERAL_CONVERSION = YES;
				CLANG_WARN_OBJC_ROOT_CLASS = YES_ERROR;
				CLANG_WARN_QUOTED_INCLUDE_IN_FRAMEWORK_HEADER = YES;
				CLANG_WARN_RANGE_LOOP_ANALYSIS = YES;
				CLANG_WARN_STRICT_PROTOTYPES = YES;
				CLANG_WARN_SUSPICIOUS_MOVE = YES;
				CLANG_WARN_UNGUARDED_AVAILABILITY = YES_AGGRESSIVE;
				CLANG_WARN_UNREACHABLE_CODE = YES;
				CLANG_WARN__DUPLICATE_METHOD_MATCH = YES;
				COPY_PHASE_STRIP = NO;
				DEBUG_INFORMATION_FORMAT = dwarf;
				ENABLE_STRICT_OBJC_MSGSEND = YES;
				ENABLE_TESTABILITY = YES;
				GCC_C_LANGUAGE_STANDARD = gnu11;
				GCC_DYNAMIC_NO_PIC = NO;
				GCC_NO_COMMON_BLOCKS = YES;
				GCC_OPTIMIZATION_LEVEL = 0;
				GCC_PREPROCESSOR_DEFINITIONS = (
					"DEBUG=1",
					"$(inherited)",
				);
				GCC_WARN_64_TO_32_BIT_CONVERSION = YES;
				GCC_WARN_ABOUT_RETURN_TYPE = YES_ERROR;
				GCC_WARN_UNDECLARED_SELECTOR = YES;
				GCC_WARN_UNINITIALIZED_AUTOS = YES_AGGRESSIVE;
				GCC_WARN_UNUSED_FUNCTION = YES;
				GCC_WARN_UNUSED_VARIABLE = YES;
				IPHONEOS_DEPLOYMENT_TARGET = 15.5;
				MTL_ENABLE_DEBUG_INFO = INCLUDE_SOURCE;
				MTL_FAST_MATH = YES;
				ONLY_ACTIVE_ARCH = YES;
				SDKROOT = iphoneos;
				SWIFT_ACTIVE_COMPILATION_CONDITIONS = DEBUG;
				SWIFT_OPTIMIZATION_LEVEL = "-Onone";
			};
			name = Debug;
		};
		8AE126A7288E28250039927E /* Release */ = {
			isa = XCBuildConfiguration;
			buildSettings = {
				ALWAYS_SEARCH_USER_PATHS = NO;
				CLANG_ANALYZER_NONNULL = YES;
				CLANG_ANALYZER_NUMBER_OBJECT_CONVERSION = YES_AGGRESSIVE;
				CLANG_CXX_LANGUAGE_STANDARD = "gnu++17";
				CLANG_ENABLE_MODULES = YES;
				CLANG_ENABLE_OBJC_ARC = YES;
				CLANG_ENABLE_OBJC_WEAK = YES;
				CLANG_WARN_BLOCK_CAPTURE_AUTORELEASING = YES;
				CLANG_WARN_BOOL_CONVERSION = YES;
				CLANG_WARN_COMMA = YES;
				CLANG_WARN_CONSTANT_CONVERSION = YES;
				CLANG_WARN_DEPRECATED_OBJC_IMPLEMENTATIONS = YES;
				CLANG_WARN_DIRECT_OBJC_ISA_USAGE = YES_ERROR;
				CLANG_WARN_DOCUMENTATION_COMMENTS = YES;
				CLANG_WARN_EMPTY_BODY = YES;
				CLANG_WARN_ENUM_CONVERSION = YES;
				CLANG_WARN_INFINITE_RECURSION = YES;
				CLANG_WARN_INT_CONVERSION = YES;
				CLANG_WARN_NON_LITERAL_NULL_CONVERSION = YES;
				CLANG_WARN_OBJC_IMPLICIT_RETAIN_SELF = YES;
				CLANG_WARN_OBJC_LITERAL_CONVERSION = YES;
				CLANG_WARN_OBJC_ROOT_CLASS = YES_ERROR;
				CLANG_WARN_QUOTED_INCLUDE_IN_FRAMEWORK_HEADER = YES;
				CLANG_WARN_RANGE_LOOP_ANALYSIS = YES;
				CLANG_WARN_STRICT_PROTOTYPES = YES;
				CLANG_WARN_SUSPICIOUS_MOVE = YES;
				CLANG_WARN_UNGUARDED_AVAILABILITY = YES_AGGRESSIVE;
				CLANG_WARN_UNREACHABLE_CODE = YES;
				CLANG_WARN__DUPLICATE_METHOD_MATCH = YES;
				COPY_PHASE_STRIP = NO;
				DEBUG_INFORMATION_FORMAT = "dwarf-with-dsym";
				ENABLE_NS_ASSERTIONS = NO;
				ENABLE_STRICT_OBJC_MSGSEND = YES;
				GCC_C_LANGUAGE_STANDARD = gnu11;
				GCC_NO_COMMON_BLOCKS = YES;
				GCC_WARN_64_TO_32_BIT_CONVERSION = YES;
				GCC_WARN_ABOUT_RETURN_TYPE = YES_ERROR;
				GCC_WARN_UNDECLARED_SELECTOR = YES;
				GCC_WARN_UNINITIALIZED_AUTOS = YES_AGGRESSIVE;
				GCC_WARN_UNUSED_FUNCTION = YES;
				GCC_WARN_UNUSED_VARIABLE = YES;
				IPHONEOS_DEPLOYMENT_TARGET = 15.5;
				MTL_ENABLE_DEBUG_INFO = NO;
				MTL_FAST_MATH = YES;
				SDKROOT = iphoneos;
				SWIFT_COMPILATION_MODE = wholemodule;
				SWIFT_OPTIMIZATION_LEVEL = "-O";
				VALIDATE_PRODUCT = YES;
			};
			name = Release;
		};
		8AE126A9288E28250039927E /* Debug */ = {
			isa = XCBuildConfiguration;
			buildSettings = {
				ASSETCATALOG_COMPILER_APPICON_NAME = AppIcon;
				ASSETCATALOG_COMPILER_GLOBAL_ACCENT_COLOR_NAME = AccentColor;
				CODE_SIGN_STYLE = Automatic;
				CURRENT_PROJECT_VERSION = 1;
				DEVELOPMENT_ASSET_PATHS = "\"MovieTeca/Preview Content\"";
				DEVELOPMENT_TEAM = N96B8R8294;
				ENABLE_PREVIEWS = YES;
				GENERATE_INFOPLIST_FILE = YES;
				INFOPLIST_KEY_UIApplicationSceneManifest_Generation = YES;
				INFOPLIST_KEY_UIApplicationSupportsIndirectInputEvents = YES;
				INFOPLIST_KEY_UILaunchScreen_Generation = YES;
				INFOPLIST_KEY_UISupportedInterfaceOrientations_iPad = "UIInterfaceOrientationPortrait UIInterfaceOrientationPortraitUpsideDown UIInterfaceOrientationLandscapeLeft UIInterfaceOrientationLandscapeRight";
				INFOPLIST_KEY_UISupportedInterfaceOrientations_iPhone = "UIInterfaceOrientationPortrait UIInterfaceOrientationLandscapeLeft UIInterfaceOrientationLandscapeRight";
				LD_RUNPATH_SEARCH_PATHS = (
					"$(inherited)",
					"@executable_path/Frameworks",
				);
				MARKETING_VERSION = 1.0;
				PRODUCT_BUNDLE_IDENTIFIER = uppe.MovieTeca;
				PRODUCT_NAME = "$(TARGET_NAME)";
				SWIFT_EMIT_LOC_STRINGS = YES;
				SWIFT_VERSION = 5.0;
				TARGETED_DEVICE_FAMILY = "1,2";
			};
			name = Debug;
		};
		8AE126AA288E28250039927E /* Release */ = {
			isa = XCBuildConfiguration;
			buildSettings = {
				ASSETCATALOG_COMPILER_APPICON_NAME = AppIcon;
				ASSETCATALOG_COMPILER_GLOBAL_ACCENT_COLOR_NAME = AccentColor;
				CODE_SIGN_STYLE = Automatic;
				CURRENT_PROJECT_VERSION = 1;
				DEVELOPMENT_ASSET_PATHS = "\"MovieTeca/Preview Content\"";
				DEVELOPMENT_TEAM = N96B8R8294;
				ENABLE_PREVIEWS = YES;
				GENERATE_INFOPLIST_FILE = YES;
				INFOPLIST_KEY_UIApplicationSceneManifest_Generation = YES;
				INFOPLIST_KEY_UIApplicationSupportsIndirectInputEvents = YES;
				INFOPLIST_KEY_UILaunchScreen_Generation = YES;
				INFOPLIST_KEY_UISupportedInterfaceOrientations_iPad = "UIInterfaceOrientationPortrait UIInterfaceOrientationPortraitUpsideDown UIInterfaceOrientationLandscapeLeft UIInterfaceOrientationLandscapeRight";
				INFOPLIST_KEY_UISupportedInterfaceOrientations_iPhone = "UIInterfaceOrientationPortrait UIInterfaceOrientationLandscapeLeft UIInterfaceOrientationLandscapeRight";
				LD_RUNPATH_SEARCH_PATHS = (
					"$(inherited)",
					"@executable_path/Frameworks",
				);
				MARKETING_VERSION = 1.0;
				PRODUCT_BUNDLE_IDENTIFIER = uppe.MovieTeca;
				PRODUCT_NAME = "$(TARGET_NAME)";
				SWIFT_EMIT_LOC_STRINGS = YES;
				SWIFT_VERSION = 5.0;
				TARGETED_DEVICE_FAMILY = "1,2";
			};
			name = Release;
		};
/* End XCBuildConfiguration section */

/* Begin XCConfigurationList section */
		8AE12695288E28230039927E /* Build configuration list for PBXProject "MovieTeca" */ = {
			isa = XCConfigurationList;
			buildConfigurations = (
				8AE126A6288E28250039927E /* Debug */,
				8AE126A7288E28250039927E /* Release */,
			);
			defaultConfigurationIsVisible = 0;
			defaultConfigurationName = Release;
		};
		8AE126A8288E28250039927E /* Build configuration list for PBXNativeTarget "MovieTeca" */ = {
			isa = XCConfigurationList;
			buildConfigurations = (
				8AE126A9288E28250039927E /* Debug */,
				8AE126AA288E28250039927E /* Release */,
			);
			defaultConfigurationIsVisible = 0;
			defaultConfigurationName = Release;
		};
/* End XCConfigurationList section */
	};
	rootObject = 8AE12692288E28230039927E /* Project object */;
}
